
Microsoft Visual Studio Solution File, Format Version 12.00
# Visual Studio 15
VisualStudioVersion = 15.0.28307.168
MinimumVisualStudioVersion = 10.0.40219.1
Project("{FAE04EC0-301F-11D3-BF4B-00C04F79EFBC}") = "StreamTools.Web", "StreamTools.Web\StreamTools.Web.csproj", "{0012E9DD-8129-4614-91B9-E001F0A73114}"
EndProject
Global
	GlobalSection(SolutionConfigurationPlatforms) = preSolution
		Debug|Any CPU = Debug|Any CPU
		Release|Any CPU = Release|Any CPU
	EndGlobalSection
	GlobalSection(ProjectConfigurationPlatforms) = postSolution
		{0012E9DD-8129-4614-91B9-E001F0A73114}.Debug|Any CPU.ActiveCfg = Debug|Any CPU
		{0012E9DD-8129-4614-91B9-E001F0A73114}.Debug|Any CPU.Build.0 = Debug|Any CPU
		{0012E9DD-8129-4614-91B9-E001F0A73114}.Release|Any CPU.ActiveCfg = Release|Any CPU
		{0012E9DD-8129-4614-91B9-E001F0A73114}.Release|Any CPU.Build.0 = Release|Any CPU
	EndGlobalSection
	GlobalSection(SolutionProperties) = preSolution
		HideSolutionNode = FALSE
	EndGlobalSection
	GlobalSection(ExtensibilityGlobals) = postSolution
		SolutionGuid = {B56A048E-C7BF-4464-BE1B-F6A101D33767}
	EndGlobalSection
EndGlobal
