
Microsoft Visual Studio Solution File, Format Version 12.00
# Visual Studio 15
VisualStudioVersion = 15.0.28307.168
MinimumVisualStudioVersion = 10.0.40219.1
Project("{9A19103F-16F7-4668-BE54-9A1E7A4F7556}") = "StreamTools.Web", "StreamTools.Web\StreamTools.Web.csproj", "{0012E9DD-8129-4614-91B9-E001F0A73114}"
EndProject
Project("{2150E333-8FDC-42A3-9474-1A3956D46DE8}") = "solution items", "solution items", "{8752A7EE-07BD-4AE1-AA57-32338E99F7E0}"
	ProjectSection(SolutionItems) = preProject
		.editorconfig = .editorconfig
		.gitattributes = .gitattributes
		.gitignore = .gitignore
		global.json = global.json
		LICENSE = LICENSE
		README.md = README.md
	EndProjectSection
EndProject
Project("{9A19103F-16F7-4668-BE54-9A1E7A4F7556}") = "StreamTools.Composition.Abstractions", "StreamTools.Composition.Abstractions\StreamTools.Composition.Abstractions.csproj", "{97E127FB-C7F6-48F9-8E2A-5E663D99AF21}"
EndProject
Project("{9A19103F-16F7-4668-BE54-9A1E7A4F7556}") = "StreamTools.Chatbot", "StreamTools.Chatbot\StreamTools.Chatbot.csproj", "{E71BB108-49ED-4DCA-B42B-D5D492618479}"
EndProject
Project("{9A19103F-16F7-4668-BE54-9A1E7A4F7556}") = "StreamTools.Core", "StreamTools.Core\StreamTools.Core.csproj", "{B0D3FACD-7ED5-4DC5-B8DB-1371C6FBE117}"
EndProject
Project("{FAE04EC0-301F-11D3-BF4B-00C04F79EFBC}") = "StreamTools.ChatBot.Abstractions", "StreamTools.ChatBot.Abstractions\StreamTools.ChatBot.Abstractions.csproj", "{7BCDCA01-05E6-4951-A951-B298BF7B2B86}"
EndProject
Global
	GlobalSection(SolutionConfigurationPlatforms) = preSolution
		Debug|Any CPU = Debug|Any CPU
		Release|Any CPU = Release|Any CPU
	EndGlobalSection
	GlobalSection(ProjectConfigurationPlatforms) = postSolution
		{0012E9DD-8129-4614-91B9-E001F0A73114}.Debug|Any CPU.ActiveCfg = Debug|Any CPU
		{0012E9DD-8129-4614-91B9-E001F0A73114}.Debug|Any CPU.Build.0 = Debug|Any CPU
		{0012E9DD-8129-4614-91B9-E001F0A73114}.Release|Any CPU.ActiveCfg = Release|Any CPU
		{0012E9DD-8129-4614-91B9-E001F0A73114}.Release|Any CPU.Build.0 = Release|Any CPU
		{97E127FB-C7F6-48F9-8E2A-5E663D99AF21}.Debug|Any CPU.ActiveCfg = Debug|Any CPU
		{97E127FB-C7F6-48F9-8E2A-5E663D99AF21}.Debug|Any CPU.Build.0 = Debug|Any CPU
		{97E127FB-C7F6-48F9-8E2A-5E663D99AF21}.Release|Any CPU.ActiveCfg = Release|Any CPU
		{97E127FB-C7F6-48F9-8E2A-5E663D99AF21}.Release|Any CPU.Build.0 = Release|Any CPU
		{E71BB108-49ED-4DCA-B42B-D5D492618479}.Debug|Any CPU.ActiveCfg = Debug|Any CPU
		{E71BB108-49ED-4DCA-B42B-D5D492618479}.Debug|Any CPU.Build.0 = Debug|Any CPU
		{E71BB108-49ED-4DCA-B42B-D5D492618479}.Release|Any CPU.ActiveCfg = Release|Any CPU
		{E71BB108-49ED-4DCA-B42B-D5D492618479}.Release|Any CPU.Build.0 = Release|Any CPU
		{B0D3FACD-7ED5-4DC5-B8DB-1371C6FBE117}.Debug|Any CPU.ActiveCfg = Debug|Any CPU
		{B0D3FACD-7ED5-4DC5-B8DB-1371C6FBE117}.Debug|Any CPU.Build.0 = Debug|Any CPU
		{B0D3FACD-7ED5-4DC5-B8DB-1371C6FBE117}.Release|Any CPU.ActiveCfg = Release|Any CPU
		{B0D3FACD-7ED5-4DC5-B8DB-1371C6FBE117}.Release|Any CPU.Build.0 = Release|Any CPU
		{7BCDCA01-05E6-4951-A951-B298BF7B2B86}.Debug|Any CPU.ActiveCfg = Debug|Any CPU
		{7BCDCA01-05E6-4951-A951-B298BF7B2B86}.Debug|Any CPU.Build.0 = Debug|Any CPU
		{7BCDCA01-05E6-4951-A951-B298BF7B2B86}.Release|Any CPU.ActiveCfg = Release|Any CPU
		{7BCDCA01-05E6-4951-A951-B298BF7B2B86}.Release|Any CPU.Build.0 = Release|Any CPU
	EndGlobalSection
	GlobalSection(SolutionProperties) = preSolution
		HideSolutionNode = FALSE
	EndGlobalSection
	GlobalSection(ExtensibilityGlobals) = postSolution
		SolutionGuid = {B56A048E-C7BF-4464-BE1B-F6A101D33767}
	EndGlobalSection
EndGlobal
